// !$*UTF8*$!
{
	archiveVersion = 1;
	classes = {
	};
	objectVersion = 50;
	objects = {

/* Begin PBXBuildFile section */
		27E5C94A8914857413841ABA /* Pods_chef_chef.framework in Frameworks */ = {isa = PBXBuildFile; fileRef = 4A26190ABCC2BC87D3CF5B52 /* Pods_chef_chef.framework */; };
		AB61694320CF8713007B33AA /* PostViewController.swift in Sources */ = {isa = PBXBuildFile; fileRef = AB61694220CF8713007B33AA /* PostViewController.swift */; };
		AB66922C20AA7AEF00A066A6 /* createViewController.swift in Sources */ = {isa = PBXBuildFile; fileRef = AB66922B20AA7AEF00A066A6 /* createViewController.swift */; };
		AB66922F20AD4CB900A066A6 /* CustomFavoriteCell.swift in Sources */ = {isa = PBXBuildFile; fileRef = AB66922D20AD4CB900A066A6 /* CustomFavoriteCell.swift */; };
		AB66923020AD4CB900A066A6 /* CustomFavoriteCell.xib in Resources */ = {isa = PBXBuildFile; fileRef = AB66922E20AD4CB900A066A6 /* CustomFavoriteCell.xib */; };
		AB76F973209D1B8A00C48E3E /* AppDelegate.swift in Sources */ = {isa = PBXBuildFile; fileRef = AB76F972209D1B8A00C48E3E /* AppDelegate.swift */; };
		AB76F978209D1B8B00C48E3E /* Main.storyboard in Resources */ = {isa = PBXBuildFile; fileRef = AB76F976209D1B8B00C48E3E /* Main.storyboard */; };
		AB76F97A209D1B8C00C48E3E /* Assets.xcassets in Resources */ = {isa = PBXBuildFile; fileRef = AB76F979209D1B8C00C48E3E /* Assets.xcassets */; };
		AB76F97D209D1B8C00C48E3E /* LaunchScreen.storyboard in Resources */ = {isa = PBXBuildFile; fileRef = AB76F97B209D1B8C00C48E3E /* LaunchScreen.storyboard */; };
		AB76F985209D1D2300C48E3E /* RecipeListController.swift in Sources */ = {isa = PBXBuildFile; fileRef = AB76F984209D1D2300C48E3E /* RecipeListController.swift */; };
		AB76F98C209D1E6500C48E3E /* MainViewController.swift in Sources */ = {isa = PBXBuildFile; fileRef = AB76F98B209D1E6500C48E3E /* MainViewController.swift */; };
		AB76F98E209D1E9C00C48E3E /* FavoriteController.swift in Sources */ = {isa = PBXBuildFile; fileRef = AB76F98D209D1E9C00C48E3E /* FavoriteController.swift */; };
		AB76F990209D1ECA00C48E3E /* LoginController.swift in Sources */ = {isa = PBXBuildFile; fileRef = AB76F98F209D1ECA00C48E3E /* LoginController.swift */; };
		AB76F992209D1EDE00C48E3E /* RegisterController.swift in Sources */ = {isa = PBXBuildFile; fileRef = AB76F991209D1EDE00C48E3E /* RegisterController.swift */; };
		ABADCCE120A148410065FC50 /* GoogleService-Info.plist in Resources */ = {isa = PBXBuildFile; fileRef = ABADCCE020A148410065FC50 /* GoogleService-Info.plist */; };
		ABADCCE520A1558B0065FC50 /* MeViewController.swift in Sources */ = {isa = PBXBuildFile; fileRef = ABADCCE420A1558B0065FC50 /* MeViewController.swift */; };
		ABCB13EE20AA7101008ED8AF /* CustomPostCell.swift in Sources */ = {isa = PBXBuildFile; fileRef = ABCB13EC20AA7101008ED8AF /* CustomPostCell.swift */; };
		ABCB13EF20AA7101008ED8AF /* CustomPostCell.xib in Resources */ = {isa = PBXBuildFile; fileRef = ABCB13ED20AA7101008ED8AF /* CustomPostCell.xib */; };
		ABCB13F120AA789D008ED8AF /* Post.swift in Sources */ = {isa = PBXBuildFile; fileRef = ABCB13F020AA789D008ED8AF /* Post.swift */; };
/* End PBXBuildFile section */

/* Begin PBXFileReference section */
		0FD3282F094F10470D979D3F /* Pods-chef chef.release.xcconfig */ = {isa = PBXFileReference; includeInIndex = 1; lastKnownFileType = text.xcconfig; name = "Pods-chef chef.release.xcconfig"; path = "Pods/Target Support Files/Pods-chef chef/Pods-chef chef.release.xcconfig"; sourceTree = "<group>"; };
		4A26190ABCC2BC87D3CF5B52 /* Pods_chef_chef.framework */ = {isa = PBXFileReference; explicitFileType = wrapper.framework; includeInIndex = 0; path = Pods_chef_chef.framework; sourceTree = BUILT_PRODUCTS_DIR; };
		7A2D7D83EE78F878CA55A715 /* Pods-chef chef.debug.xcconfig */ = {isa = PBXFileReference; includeInIndex = 1; lastKnownFileType = text.xcconfig; name = "Pods-chef chef.debug.xcconfig"; path = "Pods/Target Support Files/Pods-chef chef/Pods-chef chef.debug.xcconfig"; sourceTree = "<group>"; };
		AB61694220CF8713007B33AA /* PostViewController.swift */ = {isa = PBXFileReference; lastKnownFileType = sourcecode.swift; path = PostViewController.swift; sourceTree = "<group>"; };
		AB66922B20AA7AEF00A066A6 /* createViewController.swift */ = {isa = PBXFileReference; lastKnownFileType = sourcecode.swift; path = createViewController.swift; sourceTree = "<group>"; };
		AB66922D20AD4CB900A066A6 /* CustomFavoriteCell.swift */ = {isa = PBXFileReference; lastKnownFileType = sourcecode.swift; path = CustomFavoriteCell.swift; sourceTree = "<group>"; };
		AB66922E20AD4CB900A066A6 /* CustomFavoriteCell.xib */ = {isa = PBXFileReference; lastKnownFileType = file.xib; path = CustomFavoriteCell.xib; sourceTree = "<group>"; };
		AB76F96F209D1B8A00C48E3E /* chef chef.app */ = {isa = PBXFileReference; explicitFileType = wrapper.application; includeInIndex = 0; path = "chef chef.app"; sourceTree = BUILT_PRODUCTS_DIR; };
		AB76F972209D1B8A00C48E3E /* AppDelegate.swift */ = {isa = PBXFileReference; lastKnownFileType = sourcecode.swift; path = AppDelegate.swift; sourceTree = "<group>"; };
		AB76F977209D1B8B00C48E3E /* Base */ = {isa = PBXFileReference; lastKnownFileType = file.storyboard; name = Base; path = Base.lproj/Main.storyboard; sourceTree = "<group>"; };
		AB76F979209D1B8C00C48E3E /* Assets.xcassets */ = {isa = PBXFileReference; lastKnownFileType = folder.assetcatalog; path = Assets.xcassets; sourceTree = "<group>"; };
		AB76F97C209D1B8C00C48E3E /* Base */ = {isa = PBXFileReference; lastKnownFileType = file.storyboard; name = Base; path = Base.lproj/LaunchScreen.storyboard; sourceTree = "<group>"; };
		AB76F97E209D1B8C00C48E3E /* Info.plist */ = {isa = PBXFileReference; lastKnownFileType = text.plist.xml; path = Info.plist; sourceTree = "<group>"; };
		AB76F984209D1D2300C48E3E /* RecipeListController.swift */ = {isa = PBXFileReference; lastKnownFileType = sourcecode.swift; path = RecipeListController.swift; sourceTree = "<group>"; };
		AB76F98B209D1E6500C48E3E /* MainViewController.swift */ = {isa = PBXFileReference; lastKnownFileType = sourcecode.swift; path = MainViewController.swift; sourceTree = "<group>"; };
		AB76F98D209D1E9C00C48E3E /* FavoriteController.swift */ = {isa = PBXFileReference; lastKnownFileType = sourcecode.swift; path = FavoriteController.swift; sourceTree = "<group>"; };
		AB76F98F209D1ECA00C48E3E /* LoginController.swift */ = {isa = PBXFileReference; lastKnownFileType = sourcecode.swift; path = LoginController.swift; sourceTree = "<group>"; };
		AB76F991209D1EDE00C48E3E /* RegisterController.swift */ = {isa = PBXFileReference; lastKnownFileType = sourcecode.swift; path = RegisterController.swift; sourceTree = "<group>"; };
		ABADCCE020A148410065FC50 /* GoogleService-Info.plist */ = {isa = PBXFileReference; fileEncoding = 4; lastKnownFileType = text.plist.xml; path = "GoogleService-Info.plist"; sourceTree = "<group>"; };
		ABADCCE420A1558B0065FC50 /* MeViewController.swift */ = {isa = PBXFileReference; lastKnownFileType = sourcecode.swift; path = MeViewController.swift; sourceTree = "<group>"; };
		ABCB13EC20AA7101008ED8AF /* CustomPostCell.swift */ = {isa = PBXFileReference; lastKnownFileType = sourcecode.swift; path = CustomPostCell.swift; sourceTree = "<group>"; };
		ABCB13ED20AA7101008ED8AF /* CustomPostCell.xib */ = {isa = PBXFileReference; lastKnownFileType = file.xib; path = CustomPostCell.xib; sourceTree = "<group>"; };
		ABCB13F020AA789D008ED8AF /* Post.swift */ = {isa = PBXFileReference; lastKnownFileType = sourcecode.swift; path = Post.swift; sourceTree = "<group>"; };
/* End PBXFileReference section */

/* Begin PBXFrameworksBuildPhase section */
		AB76F96C209D1B8A00C48E3E /* Frameworks */ = {
			isa = PBXFrameworksBuildPhase;
			buildActionMask = 2147483647;
			files = (
				27E5C94A8914857413841ABA /* Pods_chef_chef.framework in Frameworks */,
			);
			runOnlyForDeploymentPostprocessing = 0;
		};
/* End PBXFrameworksBuildPhase section */

/* Begin PBXGroup section */
		A468DBFD09C7F40996390F02 /* Frameworks */ = {
			isa = PBXGroup;
			children = (
				4A26190ABCC2BC87D3CF5B52 /* Pods_chef_chef.framework */,
			);
			name = Frameworks;
			sourceTree = "<group>";
		};
		AB76F966209D1B8A00C48E3E = {
			isa = PBXGroup;
			children = (
				AB76F971209D1B8A00C48E3E /* chef chef */,
				AB76F970209D1B8A00C48E3E /* Products */,
				DC4245085F15EAE7C5DB3042 /* Pods */,
				A468DBFD09C7F40996390F02 /* Frameworks */,
			);
			sourceTree = "<group>";
		};
		AB76F970209D1B8A00C48E3E /* Products */ = {
			isa = PBXGroup;
			children = (
				AB76F96F209D1B8A00C48E3E /* chef chef.app */,
			);
			name = Products;
			sourceTree = "<group>";
		};
		AB76F971209D1B8A00C48E3E /* chef chef */ = {
			isa = PBXGroup;
			children = (
				AB76F972209D1B8A00C48E3E /* AppDelegate.swift */,
				AB76F97B209D1B8C00C48E3E /* LaunchScreen.storyboard */,
				AB76F97E209D1B8C00C48E3E /* Info.plist */,
				ABADCCE020A148410065FC50 /* GoogleService-Info.plist */,
				AB76F979209D1B8C00C48E3E /* Assets.xcassets */,
				AB76F989209D1DAD00C48E3E /* View */,
				AB76F987209D1D9300C48E3E /* Model */,
				AB76F986209D1D4300C48E3E /* Controller */,
			);
			path = "chef chef";
			sourceTree = "<group>";
		};
		AB76F986209D1D4300C48E3E /* Controller */ = {
			isa = PBXGroup;
			children = (
				AB76F984209D1D2300C48E3E /* RecipeListController.swift */,
				AB76F98B209D1E6500C48E3E /* MainViewController.swift */,
				AB76F98D209D1E9C00C48E3E /* FavoriteController.swift */,
				AB76F98F209D1ECA00C48E3E /* LoginController.swift */,
				AB76F991209D1EDE00C48E3E /* RegisterController.swift */,
				ABADCCE420A1558B0065FC50 /* MeViewController.swift */,
				AB66922B20AA7AEF00A066A6 /* createViewController.swift */,
				AB61694220CF8713007B33AA /* PostViewController.swift */,
			);
			path = Controller;
			sourceTree = "<group>";
		};
		AB76F987209D1D9300C48E3E /* Model */ = {
			isa = PBXGroup;
			children = (
				ABCB13F020AA789D008ED8AF /* Post.swift */,
			);
			path = Model;
			sourceTree = "<group>";
		};
		AB76F989209D1DAD00C48E3E /* View */ = {
			isa = PBXGroup;
			children = (
				ABCB13EB20AA6EB5008ED8AF /* Custom Cell */,
				AB76F976209D1B8B00C48E3E /* Main.storyboard */,
			);
			path = View;
			sourceTree = "<group>";
		};
		ABCB13EB20AA6EB5008ED8AF /* Custom Cell */ = {
			isa = PBXGroup;
			children = (
				ABCB13EC20AA7101008ED8AF /* CustomPostCell.swift */,
				ABCB13ED20AA7101008ED8AF /* CustomPostCell.xib */,
				AB66922D20AD4CB900A066A6 /* CustomFavoriteCell.swift */,
				AB66922E20AD4CB900A066A6 /* CustomFavoriteCell.xib */,
			);
			path = "Custom Cell";
			sourceTree = "<group>";
		};
		DC4245085F15EAE7C5DB3042 /* Pods */ = {
			isa = PBXGroup;
			children = (
				7A2D7D83EE78F878CA55A715 /* Pods-chef chef.debug.xcconfig */,
				0FD3282F094F10470D979D3F /* Pods-chef chef.release.xcconfig */,
			);
			name = Pods;
			sourceTree = "<group>";
		};
/* End PBXGroup section */

/* Begin PBXNativeTarget section */
		AB76F96E209D1B8A00C48E3E /* chef chef */ = {
			isa = PBXNativeTarget;
			buildConfigurationList = AB76F981209D1B8C00C48E3E /* Build configuration list for PBXNativeTarget "chef chef" */;
			buildPhases = (
				F3317F1847C7D92BD73F5B9F /* [CP] Check Pods Manifest.lock */,
				AB76F96B209D1B8A00C48E3E /* Sources */,
				AB76F96C209D1B8A00C48E3E /* Frameworks */,
				AB76F96D209D1B8A00C48E3E /* Resources */,
				1291A9092E2E06893623465B /* [CP] Embed Pods Frameworks */,
			);
			buildRules = (
			);
			dependencies = (
			);
			name = "chef chef";
			productName = "chef chef";
			productReference = AB76F96F209D1B8A00C48E3E /* chef chef.app */;
			productType = "com.apple.product-type.application";
		};
/* End PBXNativeTarget section */

/* Begin PBXProject section */
		AB76F967209D1B8A00C48E3E /* Project object */ = {
			isa = PBXProject;
			attributes = {
				LastSwiftUpdateCheck = 0930;
				LastUpgradeCheck = 0930;
				ORGANIZATIONNAME = Jonathan;
				TargetAttributes = {
					AB76F96E209D1B8A00C48E3E = {
						CreatedOnToolsVersion = 9.3;
					};
				};
			};
			buildConfigurationList = AB76F96A209D1B8A00C48E3E /* Build configuration list for PBXProject "chef chef" */;
			compatibilityVersion = "Xcode 9.3";
			developmentRegion = en;
			hasScannedForEncodings = 0;
			knownRegions = (
				en,
				Base,
			);
			mainGroup = AB76F966209D1B8A00C48E3E;
			productRefGroup = AB76F970209D1B8A00C48E3E /* Products */;
			projectDirPath = "";
			projectRoot = "";
			targets = (
				AB76F96E209D1B8A00C48E3E /* chef chef */,
			);
		};
/* End PBXProject section */

/* Begin PBXResourcesBuildPhase section */
		AB76F96D209D1B8A00C48E3E /* Resources */ = {
			isa = PBXResourcesBuildPhase;
			buildActionMask = 2147483647;
			files = (
				AB76F97D209D1B8C00C48E3E /* LaunchScreen.storyboard in Resources */,
				AB76F97A209D1B8C00C48E3E /* Assets.xcassets in Resources */,
				AB66923020AD4CB900A066A6 /* CustomFavoriteCell.xib in Resources */,
				AB76F978209D1B8B00C48E3E /* Main.storyboard in Resources */,
				ABADCCE120A148410065FC50 /* GoogleService-Info.plist in Resources */,
				ABCB13EF20AA7101008ED8AF /* CustomPostCell.xib in Resources */,
			);
			runOnlyForDeploymentPostprocessing = 0;
		};
/* End PBXResourcesBuildPhase section */

/* Begin PBXShellScriptBuildPhase section */
		1291A9092E2E06893623465B /* [CP] Embed Pods Frameworks */ = {
			isa = PBXShellScriptBuildPhase;
			buildActionMask = 2147483647;
			files = (
			);
			inputPaths = (
				"${SRCROOT}/Pods/Target Support Files/Pods-chef chef/Pods-chef chef-frameworks.sh",
				"${BUILT_PRODUCTS_DIR}/Alamofire/Alamofire.framework",
				"${BUILT_PRODUCTS_DIR}/AlamofireImage/AlamofireImage.framework",
				"${BUILT_PRODUCTS_DIR}/Bolts/Bolts.framework",
				"${BUILT_PRODUCTS_DIR}/FBSDKCoreKit/FBSDKCoreKit.framework",
				"${BUILT_PRODUCTS_DIR}/FBSDKLoginKit/FBSDKLoginKit.framework",
				"${BUILT_PRODUCTS_DIR}/FBSDKShareKit/FBSDKShareKit.framework",
				"${BUILT_PRODUCTS_DIR}/FacebookCore/FacebookCore.framework",
				"${BUILT_PRODUCTS_DIR}/FacebookLogin/FacebookLogin.framework",
				"${BUILT_PRODUCTS_DIR}/FacebookShare/FacebookShare.framework",
				"${BUILT_PRODUCTS_DIR}/GTMSessionFetcher/GTMSessionFetcher.framework",
				"${BUILT_PRODUCTS_DIR}/GoogleToolboxForMac/GoogleToolboxForMac.framework",
				"${BUILT_PRODUCTS_DIR}/Toucan/Toucan.framework",
				"${BUILT_PRODUCTS_DIR}/leveldb-library/leveldb.framework",
				"${BUILT_PRODUCTS_DIR}/nanopb/nanopb.framework",
			);
			name = "[CP] Embed Pods Frameworks";
			outputPaths = (
				"${TARGET_BUILD_DIR}/${FRAMEWORKS_FOLDER_PATH}/Alamofire.framework",
				"${TARGET_BUILD_DIR}/${FRAMEWORKS_FOLDER_PATH}/AlamofireImage.framework",
				"${TARGET_BUILD_DIR}/${FRAMEWORKS_FOLDER_PATH}/Bolts.framework",
				"${TARGET_BUILD_DIR}/${FRAMEWORKS_FOLDER_PATH}/FBSDKCoreKit.framework",
				"${TARGET_BUILD_DIR}/${FRAMEWORKS_FOLDER_PATH}/FBSDKLoginKit.framework",
				"${TARGET_BUILD_DIR}/${FRAMEWORKS_FOLDER_PATH}/FBSDKShareKit.framework",
				"${TARGET_BUILD_DIR}/${FRAMEWORKS_FOLDER_PATH}/FacebookCore.framework",
				"${TARGET_BUILD_DIR}/${FRAMEWORKS_FOLDER_PATH}/FacebookLogin.framework",
				"${TARGET_BUILD_DIR}/${FRAMEWORKS_FOLDER_PATH}/FacebookShare.framework",
				"${TARGET_BUILD_DIR}/${FRAMEWORKS_FOLDER_PATH}/GTMSessionFetcher.framework",
				"${TARGET_BUILD_DIR}/${FRAMEWORKS_FOLDER_PATH}/GoogleToolboxForMac.framework",
				"${TARGET_BUILD_DIR}/${FRAMEWORKS_FOLDER_PATH}/Toucan.framework",
				"${TARGET_BUILD_DIR}/${FRAMEWORKS_FOLDER_PATH}/leveldb.framework",
				"${TARGET_BUILD_DIR}/${FRAMEWORKS_FOLDER_PATH}/nanopb.framework",
			);
			runOnlyForDeploymentPostprocessing = 0;
			shellPath = /bin/sh;
			shellScript = "\"${SRCROOT}/Pods/Target Support Files/Pods-chef chef/Pods-chef chef-frameworks.sh\"\n";
			showEnvVarsInLog = 0;
		};
		F3317F1847C7D92BD73F5B9F /* [CP] Check Pods Manifest.lock */ = {
			isa = PBXShellScriptBuildPhase;
			buildActionMask = 2147483647;
			files = (
			);
			inputPaths = (
				"${PODS_PODFILE_DIR_PATH}/Podfile.lock",
				"${PODS_ROOT}/Manifest.lock",
			);
			name = "[CP] Check Pods Manifest.lock";
			outputPaths = (
				"$(DERIVED_FILE_DIR)/Pods-chef chef-checkManifestLockResult.txt",
			);
			runOnlyForDeploymentPostprocessing = 0;
			shellPath = /bin/sh;
			shellScript = "diff \"${PODS_PODFILE_DIR_PATH}/Podfile.lock\" \"${PODS_ROOT}/Manifest.lock\" > /dev/null\nif [ $? != 0 ] ; then\n    # print error to STDERR\n    echo \"error: The sandbox is not in sync with the Podfile.lock. Run 'pod install' or update your CocoaPods installation.\" >&2\n    exit 1\nfi\n# This output is used by Xcode 'outputs' to avoid re-running this script phase.\necho \"SUCCESS\" > \"${SCRIPT_OUTPUT_FILE_0}\"\n";
			showEnvVarsInLog = 0;
		};
/* End PBXShellScriptBuildPhase section */

/* Begin PBXSourcesBuildPhase section */
		AB76F96B209D1B8A00C48E3E /* Sources */ = {
			isa = PBXSourcesBuildPhase;
			buildActionMask = 2147483647;
			files = (
				AB61694320CF8713007B33AA /* PostViewController.swift in Sources */,
				ABCB13EE20AA7101008ED8AF /* CustomPostCell.swift in Sources */,
				AB76F98C209D1E6500C48E3E /* MainViewController.swift in Sources */,
				ABADCCE520A1558B0065FC50 /* MeViewController.swift in Sources */,
				AB76F985209D1D2300C48E3E /* RecipeListController.swift in Sources */,
				AB76F992209D1EDE00C48E3E /* RegisterController.swift in Sources */,
				AB76F973209D1B8A00C48E3E /* AppDelegate.swift in Sources */,
				AB66922C20AA7AEF00A066A6 /* createViewController.swift in Sources */,
				ABCB13F120AA789D008ED8AF /* Post.swift in Sources */,
				AB76F98E209D1E9C00C48E3E /* FavoriteController.swift in Sources */,
				AB76F990209D1ECA00C48E3E /* LoginController.swift in Sources */,
				AB66922F20AD4CB900A066A6 /* CustomFavoriteCell.swift in Sources */,
			);
			runOnlyForDeploymentPostprocessing = 0;
		};
/* End PBXSourcesBuildPhase section */

/* Begin PBXVariantGroup section */
		AB76F976209D1B8B00C48E3E /* Main.storyboard */ = {
			isa = PBXVariantGroup;
			children = (
				AB76F977209D1B8B00C48E3E /* Base */,
			);
			name = Main.storyboard;
			sourceTree = "<group>";
		};
		AB76F97B209D1B8C00C48E3E /* LaunchScreen.storyboard */ = {
			isa = PBXVariantGroup;
			children = (
				AB76F97C209D1B8C00C48E3E /* Base */,
			);
			name = LaunchScreen.storyboard;
			sourceTree = "<group>";
		};
/* End PBXVariantGroup section */

/* Begin XCBuildConfiguration section */
		AB76F97F209D1B8C00C48E3E /* Debug */ = {
			isa = XCBuildConfiguration;
			buildSettings = {
				ALWAYS_SEARCH_USER_PATHS = NO;
				CLANG_ANALYZER_NONNULL = YES;
				CLANG_ANALYZER_NUMBER_OBJECT_CONVERSION = YES_AGGRESSIVE;
				CLANG_CXX_LANGUAGE_STANDARD = "gnu++14";
				CLANG_CXX_LIBRARY = "libc++";
				CLANG_ENABLE_MODULES = YES;
				CLANG_ENABLE_OBJC_ARC = YES;
				CLANG_ENABLE_OBJC_WEAK = YES;
				CLANG_WARN_BLOCK_CAPTURE_AUTORELEASING = YES;
				CLANG_WARN_BOOL_CONVERSION = YES;
				CLANG_WARN_COMMA = YES;
				CLANG_WARN_CONSTANT_CONVERSION = YES;
				CLANG_WARN_DEPRECATED_OBJC_IMPLEMENTATIONS = YES;
				CLANG_WARN_DIRECT_OBJC_ISA_USAGE = YES_ERROR;
				CLANG_WARN_DOCUMENTATION_COMMENTS = YES;
				CLANG_WARN_EMPTY_BODY = YES;
				CLANG_WARN_ENUM_CONVERSION = YES;
				CLANG_WARN_INFINITE_RECURSION = YES;
				CLANG_WARN_INT_CONVERSION = YES;
				CLANG_WARN_NON_LITERAL_NULL_CONVERSION = YES;
				CLANG_WARN_OBJC_IMPLICIT_RETAIN_SELF = YES;
				CLANG_WARN_OBJC_LITERAL_CONVERSION = YES;
				CLANG_WARN_OBJC_ROOT_CLASS = YES_ERROR;
				CLANG_WARN_RANGE_LOOP_ANALYSIS = YES;
				CLANG_WARN_STRICT_PROTOTYPES = YES;
				CLANG_WARN_SUSPICIOUS_MOVE = YES;
				CLANG_WARN_UNGUARDED_AVAILABILITY = YES_AGGRESSIVE;
				CLANG_WARN_UNREACHABLE_CODE = YES;
				CLANG_WARN__DUPLICATE_METHOD_MATCH = YES;
				CODE_SIGN_IDENTITY = "iPhone Developer";
				COPY_PHASE_STRIP = NO;
				DEBUG_INFORMATION_FORMAT = dwarf;
				ENABLE_STRICT_OBJC_MSGSEND = YES;
				ENABLE_TESTABILITY = YES;
				GCC_C_LANGUAGE_STANDARD = gnu11;
				GCC_DYNAMIC_NO_PIC = NO;
				GCC_NO_COMMON_BLOCKS = YES;
				GCC_OPTIMIZATION_LEVEL = 0;
				GCC_PREPROCESSOR_DEFINITIONS = (
					"DEBUG=1",
					"$(inherited)",
				);
				GCC_WARN_64_TO_32_BIT_CONVERSION = YES;
				GCC_WARN_ABOUT_RETURN_TYPE = YES_ERROR;
				GCC_WARN_UNDECLARED_SELECTOR = YES;
				GCC_WARN_UNINITIALIZED_AUTOS = YES_AGGRESSIVE;
				GCC_WARN_UNUSED_FUNCTION = YES;
				GCC_WARN_UNUSED_VARIABLE = YES;
				IPHONEOS_DEPLOYMENT_TARGET = 11.3;
				MTL_ENABLE_DEBUG_INFO = YES;
				ONLY_ACTIVE_ARCH = YES;
				SDKROOT = iphoneos;
				SWIFT_ACTIVE_COMPILATION_CONDITIONS = DEBUG;
				SWIFT_OPTIMIZATION_LEVEL = "-Onone";
			};
			name = Debug;
		};
		AB76F980209D1B8C00C48E3E /* Release */ = {
			isa = XCBuildConfiguration;
			buildSettings = {
				ALWAYS_SEARCH_USER_PATHS = NO;
				CLANG_ANALYZER_NONNULL = YES;
				CLANG_ANALYZER_NUMBER_OBJECT_CONVERSION = YES_AGGRESSIVE;
				CLANG_CXX_LANGUAGE_STANDARD = "gnu++14";
				CLANG_CXX_LIBRARY = "libc++";
				CLANG_ENABLE_MODULES = YES;
				CLANG_ENABLE_OBJC_ARC = YES;
				CLANG_ENABLE_OBJC_WEAK = YES;
				CLANG_WARN_BLOCK_CAPTURE_AUTORELEASING = YES;
				CLANG_WARN_BOOL_CONVERSION = YES;
				CLANG_WARN_COMMA = YES;
				CLANG_WARN_CONSTANT_CONVERSION = YES;
				CLANG_WARN_DEPRECATED_OBJC_IMPLEMENTATIONS = YES;
				CLANG_WARN_DIRECT_OBJC_ISA_USAGE = YES_ERROR;
				CLANG_WARN_DOCUMENTATION_COMMENTS = YES;
				CLANG_WARN_EMPTY_BODY = YES;
				CLANG_WARN_ENUM_CONVERSION = YES;
				CLANG_WARN_INFINITE_RECURSION = YES;
				CLANG_WARN_INT_CONVERSION = YES;
				CLANG_WARN_NON_LITERAL_NULL_CONVERSION = YES;
				CLANG_WARN_OBJC_IMPLICIT_RETAIN_SELF = YES;
				CLANG_WARN_OBJC_LITERAL_CONVERSION = YES;
				CLANG_WARN_OBJC_ROOT_CLASS = YES_ERROR;
				CLANG_WARN_RANGE_LOOP_ANALYSIS = YES;
				CLANG_WARN_STRICT_PROTOTYPES = YES;
				CLANG_WARN_SUSPICIOUS_MOVE = YES;
				CLANG_WARN_UNGUARDED_AVAILABILITY = YES_AGGRESSIVE;
				CLANG_WARN_UNREACHABLE_CODE = YES;
				CLANG_WARN__DUPLICATE_METHOD_MATCH = YES;
				CODE_SIGN_IDENTITY = "iPhone Developer";
				COPY_PHASE_STRIP = NO;
				DEBUG_INFORMATION_FORMAT = "dwarf-with-dsym";
				ENABLE_NS_ASSERTIONS = NO;
				ENABLE_STRICT_OBJC_MSGSEND = YES;
				GCC_C_LANGUAGE_STANDARD = gnu11;
				GCC_NO_COMMON_BLOCKS = YES;
				GCC_WARN_64_TO_32_BIT_CONVERSION = YES;
				GCC_WARN_ABOUT_RETURN_TYPE = YES_ERROR;
				GCC_WARN_UNDECLARED_SELECTOR = YES;
				GCC_WARN_UNINITIALIZED_AUTOS = YES_AGGRESSIVE;
				GCC_WARN_UNUSED_FUNCTION = YES;
				GCC_WARN_UNUSED_VARIABLE = YES;
				IPHONEOS_DEPLOYMENT_TARGET = 11.3;
				MTL_ENABLE_DEBUG_INFO = NO;
				SDKROOT = iphoneos;
				SWIFT_COMPILATION_MODE = wholemodule;
				SWIFT_OPTIMIZATION_LEVEL = "-O";
				VALIDATE_PRODUCT = YES;
			};
			name = Release;
		};
		AB76F982209D1B8C00C48E3E /* Debug */ = {
			isa = XCBuildConfiguration;
			baseConfigurationReference = 7A2D7D83EE78F878CA55A715 /* Pods-chef chef.debug.xcconfig */;
			buildSettings = {
				ASSETCATALOG_COMPILER_APPICON_NAME = AppIcon;
				CODE_SIGN_STYLE = Automatic;
				DEVELOPMENT_TEAM = 8HTT5N73NW;
				INFOPLIST_FILE = "chef chef/Info.plist";
				LD_RUNPATH_SEARCH_PATHS = (
					"$(inherited)",
					"@executable_path/Frameworks",
				);
				PRODUCT_BUNDLE_IDENTIFIER = "com.jonathanilc.chef-chef";
				PRODUCT_NAME = "$(TARGET_NAME)";
				SWIFT_VERSION = 4.0;
				TARGETED_DEVICE_FAMILY = "1,2";
			};
			name = Debug;
		};
		AB76F983209D1B8C00C48E3E /* Release */ = {
			isa = XCBuildConfiguration;
			baseConfigurationReference = 0FD3282F094F10470D979D3F /* Pods-chef chef.release.xcconfig */;
			buildSettings = {
				ASSETCATALOG_COMPILER_APPICON_NAME = AppIcon;
				CODE_SIGN_STYLE = Automatic;
				DEVELOPMENT_TEAM = 8HTT5N73NW;
				INFOPLIST_FILE = "chef chef/Info.plist";
				LD_RUNPATH_SEARCH_PATHS = (
					"$(inherited)",
					"@executable_path/Frameworks",
				);
				PRODUCT_BUNDLE_IDENTIFIER = "com.jonathanilc.chef-chef";
				PRODUCT_NAME = "$(TARGET_NAME)";
				SWIFT_VERSION = 4.0;
				TARGETED_DEVICE_FAMILY = "1,2";
			};
			name = Release;
		};
/* End XCBuildConfiguration section */

/* Begin XCConfigurationList section */
		AB76F96A209D1B8A00C48E3E /* Build configuration list for PBXProject "chef chef" */ = {
			isa = XCConfigurationList;
			buildConfigurations = (
				AB76F97F209D1B8C00C48E3E /* Debug */,
				AB76F980209D1B8C00C48E3E /* Release */,
			);
			defaultConfigurationIsVisible = 0;
			defaultConfigurationName = Release;
		};
		AB76F981209D1B8C00C48E3E /* Build configuration list for PBXNativeTarget "chef chef" */ = {
			isa = XCConfigurationList;
			buildConfigurations = (
				AB76F982209D1B8C00C48E3E /* Debug */,
				AB76F983209D1B8C00C48E3E /* Release */,
			);
			defaultConfigurationIsVisible = 0;
			defaultConfigurationName = Release;
		};
/* End XCConfigurationList section */
	};
	rootObject = AB76F967209D1B8A00C48E3E /* Project object */;
}
